
Microsoft Visual Studio Solution File, Format Version 12.00
# Visual Studio 15
VisualStudioVersion = 15.0.27004.2008
MinimumVisualStudioVersion = 10.0.40219.1
Project("{FAE04EC0-301F-11D3-BF4B-00C04F79EFBC}") = "RoslynProofsConsole", "RoslynProofsConsole\RoslynProofsConsole.csproj", "{A782CCBB-1183-4B4E-9D5D-BED8D3FE0BCA}"
	ProjectSection(ProjectDependencies) = postProject
		{0698B247-83C3-4E0C-B8DC-9FC28D8BDA81} = {0698B247-83C3-4E0C-B8DC-9FC28D8BDA81}
	EndProjectSection
EndProject
Project("{FAE04EC0-301F-11D3-BF4B-00C04F79EFBC}") = "RoslynProofsWeb", "RoslynProofsWeb\RoslynProofsWeb.csproj", "{E160CFA4-A85F-4273-8959-A4C5999958E0}"
EndProject
Project("{2150E333-8FDC-42A3-9474-1A3956D46DE8}") = "Solution Items", "Solution Items", "{6FB848D2-D718-4475-8856-A227347AA792}"
	ProjectSection(SolutionItems) = preProject
		chalktalk.ruleset = chalktalk.ruleset
		demo01ruleset.ruleset = demo01ruleset.ruleset
		TR24.VS2017RC3.ruleset = TR24.VS2017RC3.ruleset
		TR24Limited.ruleset = TR24Limited.ruleset
		vbruleset.ruleset = vbruleset.ruleset
	EndProjectSection
EndProject
Project("{FAE04EC0-301F-11D3-BF4B-00C04F79EFBC}") = "EightBallWCF", "EightBallWCF\EightBallWCF.csproj", "{0698B247-83C3-4E0C-B8DC-9FC28D8BDA81}"
EndProject
Project("{F184B08F-C81C-45F6-A57F-5ABD9991F28F}") = "RoslynProofsConsoleVB", "RoslynProofsConsoleVB\RoslynProofsConsoleVB.vbproj", "{2DDAABAD-7B11-452C-B5CC-79E7D2D7608F}"
EndProject
Project("{9A19103F-16F7-4668-BE54-9A1E7A4F7556}") = "RoslynProofsCore", "RoslynProofsCore\RoslynProofsCore.csproj", "{26BF441A-9701-4B1C-839D-FC9B428986E9}"
EndProject
Global
	GlobalSection(SolutionConfigurationPlatforms) = preSolution
		Debug|Any CPU = Debug|Any CPU
		Release|Any CPU = Release|Any CPU
	EndGlobalSection
	GlobalSection(ProjectConfigurationPlatforms) = postSolution
		{A782CCBB-1183-4B4E-9D5D-BED8D3FE0BCA}.Debug|Any CPU.ActiveCfg = Debug|Any CPU
		{A782CCBB-1183-4B4E-9D5D-BED8D3FE0BCA}.Debug|Any CPU.Build.0 = Debug|Any CPU
		{A782CCBB-1183-4B4E-9D5D-BED8D3FE0BCA}.Release|Any CPU.ActiveCfg = Release|Any CPU
		{A782CCBB-1183-4B4E-9D5D-BED8D3FE0BCA}.Release|Any CPU.Build.0 = Release|Any CPU
		{E160CFA4-A85F-4273-8959-A4C5999958E0}.Debug|Any CPU.ActiveCfg = Debug|Any CPU
		{E160CFA4-A85F-4273-8959-A4C5999958E0}.Debug|Any CPU.Build.0 = Debug|Any CPU
		{E160CFA4-A85F-4273-8959-A4C5999958E0}.Release|Any CPU.ActiveCfg = Release|Any CPU
		{E160CFA4-A85F-4273-8959-A4C5999958E0}.Release|Any CPU.Build.0 = Release|Any CPU
		{0698B247-83C3-4E0C-B8DC-9FC28D8BDA81}.Debug|Any CPU.ActiveCfg = Debug|Any CPU
		{0698B247-83C3-4E0C-B8DC-9FC28D8BDA81}.Debug|Any CPU.Build.0 = Debug|Any CPU
		{0698B247-83C3-4E0C-B8DC-9FC28D8BDA81}.Release|Any CPU.ActiveCfg = Release|Any CPU
		{0698B247-83C3-4E0C-B8DC-9FC28D8BDA81}.Release|Any CPU.Build.0 = Release|Any CPU
		{2DDAABAD-7B11-452C-B5CC-79E7D2D7608F}.Debug|Any CPU.ActiveCfg = Debug|Any CPU
		{2DDAABAD-7B11-452C-B5CC-79E7D2D7608F}.Debug|Any CPU.Build.0 = Debug|Any CPU
		{2DDAABAD-7B11-452C-B5CC-79E7D2D7608F}.Release|Any CPU.ActiveCfg = Release|Any CPU
		{2DDAABAD-7B11-452C-B5CC-79E7D2D7608F}.Release|Any CPU.Build.0 = Release|Any CPU
		{26BF441A-9701-4B1C-839D-FC9B428986E9}.Debug|Any CPU.ActiveCfg = Debug|Any CPU
		{26BF441A-9701-4B1C-839D-FC9B428986E9}.Debug|Any CPU.Build.0 = Debug|Any CPU
		{26BF441A-9701-4B1C-839D-FC9B428986E9}.Release|Any CPU.ActiveCfg = Release|Any CPU
		{26BF441A-9701-4B1C-839D-FC9B428986E9}.Release|Any CPU.Build.0 = Release|Any CPU
	EndGlobalSection
	GlobalSection(SolutionProperties) = preSolution
		HideSolutionNode = FALSE
	EndGlobalSection
	GlobalSection(ExtensibilityGlobals) = postSolution
		SolutionGuid = {6C519639-8B30-496E-AC8C-96CA9354AC6A}
	EndGlobalSection
EndGlobal
