
Microsoft Visual Studio Solution File, Format Version 12.00
# Visual Studio 14
VisualStudioVersion = 14.0.25420.1
MinimumVisualStudioVersion = 10.0.40219.1
Project("{FAE04EC0-301F-11D3-BF4B-00C04F79EFBC}") = "RoslynProofsConsole", "RoslynProofsConsole\RoslynProofsConsole.csproj", "{A782CCBB-1183-4B4E-9D5D-BED8D3FE0BCA}"
EndProject
Project("{FAE04EC0-301F-11D3-BF4B-00C04F79EFBC}") = "RoslynProofsWeb", "RoslynProofsWeb\RoslynProofsWeb.csproj", "{E160CFA4-A85F-4273-8959-A4C5999958E0}"
EndProject
Project("{2150E333-8FDC-42A3-9474-1A3956D46DE8}") = "Solution Items", "Solution Items", "{6FB848D2-D718-4475-8856-A227347AA792}"
	ProjectSection(SolutionItems) = preProject
		LimitedRules.ruleset = LimitedRules.ruleset
	EndProjectSection
EndProject
Global
	GlobalSection(SolutionConfigurationPlatforms) = preSolution
		Debug|Any CPU = Debug|Any CPU
		Release|Any CPU = Release|Any CPU
	EndGlobalSection
	GlobalSection(ProjectConfigurationPlatforms) = postSolution
		{A782CCBB-1183-4B4E-9D5D-BED8D3FE0BCA}.Debug|Any CPU.ActiveCfg = Debug|Any CPU
		{A782CCBB-1183-4B4E-9D5D-BED8D3FE0BCA}.Debug|Any CPU.Build.0 = Debug|Any CPU
		{A782CCBB-1183-4B4E-9D5D-BED8D3FE0BCA}.Release|Any CPU.ActiveCfg = Release|Any CPU
		{A782CCBB-1183-4B4E-9D5D-BED8D3FE0BCA}.Release|Any CPU.Build.0 = Release|Any CPU
		{E160CFA4-A85F-4273-8959-A4C5999958E0}.Debug|Any CPU.ActiveCfg = Debug|Any CPU
		{E160CFA4-A85F-4273-8959-A4C5999958E0}.Debug|Any CPU.Build.0 = Debug|Any CPU
		{E160CFA4-A85F-4273-8959-A4C5999958E0}.Release|Any CPU.ActiveCfg = Release|Any CPU
		{E160CFA4-A85F-4273-8959-A4C5999958E0}.Release|Any CPU.Build.0 = Release|Any CPU
	EndGlobalSection
	GlobalSection(SolutionProperties) = preSolution
		HideSolutionNode = FALSE
	EndGlobalSection
EndGlobal
